// !$*UTF8*$!
{
	archiveVersion = 1;
	classes = {
	};
	objectVersion = 42;
	objects = {

/* Begin PBXBuildFile section */
		65DF97F9130ECEE9002D0C3A /* ASICacheDelegate.h in Headers */ = {isa = PBXBuildFile; fileRef = 65DF97E5130ECEE9002D0C3A /* ASICacheDelegate.h */; settings = {ATTRIBUTES = (Public, ); }; };
		65DF97FA130ECEE9002D0C3A /* ASIDataCompressor.h in Headers */ = {isa = PBXBuildFile; fileRef = 65DF97E6130ECEE9002D0C3A /* ASIDataCompressor.h */; settings = {ATTRIBUTES = (Public, ); }; };
		65DF97FB130ECEE9002D0C3A /* ASIDataCompressor.m in Sources */ = {isa = PBXBuildFile; fileRef = 65DF97E7130ECEE9002D0C3A /* ASIDataCompressor.m */; };
		65DF97FC130ECEE9002D0C3A /* ASIDataDecompressor.h in Headers */ = {isa = PBXBuildFile; fileRef = 65DF97E8130ECEE9002D0C3A /* ASIDataDecompressor.h */; settings = {ATTRIBUTES = (Public, ); }; };
		65DF97FD130ECEE9002D0C3A /* ASIDataDecompressor.m in Sources */ = {isa = PBXBuildFile; fileRef = 65DF97E9130ECEE9002D0C3A /* ASIDataDecompressor.m */; };
		65DF97FE130ECEE9002D0C3A /* ASIDownloadCache.h in Headers */ = {isa = PBXBuildFile; fileRef = 65DF97EA130ECEE9002D0C3A /* ASIDownloadCache.h */; settings = {ATTRIBUTES = (Public, ); }; };
		65DF97FF130ECEE9002D0C3A /* ASIDownloadCache.m in Sources */ = {isa = PBXBuildFile; fileRef = 65DF97EB130ECEE9002D0C3A /* ASIDownloadCache.m */; };
		65DF9800130ECEE9002D0C3A /* ASIFormDataRequest.h in Headers */ = {isa = PBXBuildFile; fileRef = 65DF97EC130ECEE9002D0C3A /* ASIFormDataRequest.h */; settings = {ATTRIBUTES = (Public, ); }; };
		65DF9801130ECEE9002D0C3A /* ASIFormDataRequest.m in Sources */ = {isa = PBXBuildFile; fileRef = 65DF97ED130ECEE9002D0C3A /* ASIFormDataRequest.m */; };
		65DF9802130ECEE9002D0C3A /* ASIHTTPRequest.h in Headers */ = {isa = PBXBuildFile; fileRef = 65DF97EE130ECEE9002D0C3A /* ASIHTTPRequest.h */; settings = {ATTRIBUTES = (Public, ); }; };
		65DF9803130ECEE9002D0C3A /* ASIHTTPRequest.m in Sources */ = {isa = PBXBuildFile; fileRef = 65DF97EF130ECEE9002D0C3A /* ASIHTTPRequest.m */; };
		65DF9804130ECEE9002D0C3A /* ASIHTTPRequestConfig.h in Headers */ = {isa = PBXBuildFile; fileRef = 65DF97F0130ECEE9002D0C3A /* ASIHTTPRequestConfig.h */; settings = {ATTRIBUTES = (Public, ); }; };
		65DF9805130ECEE9002D0C3A /* ASIHTTPRequestDelegate.h in Headers */ = {isa = PBXBuildFile; fileRef = 65DF97F1130ECEE9002D0C3A /* ASIHTTPRequestDelegate.h */; settings = {ATTRIBUTES = (Public, ); }; };
		65DF9806130ECEE9002D0C3A /* ASIInputStream.h in Headers */ = {isa = PBXBuildFile; fileRef = 65DF97F2130ECEE9002D0C3A /* ASIInputStream.h */; settings = {ATTRIBUTES = (Public, ); }; };
		65DF9807130ECEE9002D0C3A /* ASIInputStream.m in Sources */ = {isa = PBXBuildFile; fileRef = 65DF97F3130ECEE9002D0C3A /* ASIInputStream.m */; };
		65DF9808130ECEE9002D0C3A /* ASINetworkQueue.h in Headers */ = {isa = PBXBuildFile; fileRef = 65DF97F4130ECEE9002D0C3A /* ASINetworkQueue.h */; settings = {ATTRIBUTES = (Public, ); }; };
		65DF9809130ECEE9002D0C3A /* ASINetworkQueue.m in Sources */ = {isa = PBXBuildFile; fileRef = 65DF97F5130ECEE9002D0C3A /* ASINetworkQueue.m */; };
		65DF980A130ECEE9002D0C3A /* ASIProgressDelegate.h in Headers */ = {isa = PBXBuildFile; fileRef = 65DF97F6130ECEE9002D0C3A /* ASIProgressDelegate.h */; settings = {ATTRIBUTES = (Public, ); }; };
		65DF980B130ECEE9002D0C3A /* ASIAuthenticationDialog.h in Headers */ = {isa = PBXBuildFile; fileRef = 65DF97E3130ECEE9002D0C3A /* ASIAuthenticationDialog.h */; settings = {ATTRIBUTES = (Public, ); }; };
		65DF980C130ECEE9002D0C3A /* ASIAuthenticationDialog.m in Sources */ = {isa = PBXBuildFile; fileRef = 65DF97E4130ECEE9002D0C3A /* ASIAuthenticationDialog.m */; };
		65DF980D130ECEE9002D0C3A /* ASICacheDelegate.h in Headers */ = {isa = PBXBuildFile; fileRef = 65DF97E5130ECEE9002D0C3A /* ASICacheDelegate.h */; settings = {ATTRIBUTES = (Public, ); }; };
		65DF980E130ECEE9002D0C3A /* ASIDataCompressor.h in Headers */ = {isa = PBXBuildFile; fileRef = 65DF97E6130ECEE9002D0C3A /* ASIDataCompressor.h */; settings = {ATTRIBUTES = (Public, ); }; };
		65DF980F130ECEE9002D0C3A /* ASIDataCompressor.m in Sources */ = {isa = PBXBuildFile; fileRef = 65DF97E7130ECEE9002D0C3A /* ASIDataCompressor.m */; };
		65DF9810130ECEE9002D0C3A /* ASIDataDecompressor.h in Headers */ = {isa = PBXBuildFile; fileRef = 65DF97E8130ECEE9002D0C3A /* ASIDataDecompressor.h */; settings = {ATTRIBUTES = (Public, ); }; };
		65DF9811130ECEE9002D0C3A /* ASIDataDecompressor.m in Sources */ = {isa = PBXBuildFile; fileRef = 65DF97E9130ECEE9002D0C3A /* ASIDataDecompressor.m */; };
		65DF9812130ECEE9002D0C3A /* ASIDownloadCache.h in Headers */ = {isa = PBXBuildFile; fileRef = 65DF97EA130ECEE9002D0C3A /* ASIDownloadCache.h */; settings = {ATTRIBUTES = (Public, ); }; };
		65DF9813130ECEE9002D0C3A /* ASIDownloadCache.m in Sources */ = {isa = PBXBuildFile; fileRef = 65DF97EB130ECEE9002D0C3A /* ASIDownloadCache.m */; };
		65DF9814130ECEE9002D0C3A /* ASIFormDataRequest.h in Headers */ = {isa = PBXBuildFile; fileRef = 65DF97EC130ECEE9002D0C3A /* ASIFormDataRequest.h */; settings = {ATTRIBUTES = (Public, ); }; };
		65DF9815130ECEE9002D0C3A /* ASIFormDataRequest.m in Sources */ = {isa = PBXBuildFile; fileRef = 65DF97ED130ECEE9002D0C3A /* ASIFormDataRequest.m */; };
		65DF9816130ECEE9002D0C3A /* ASIHTTPRequest.h in Headers */ = {isa = PBXBuildFile; fileRef = 65DF97EE130ECEE9002D0C3A /* ASIHTTPRequest.h */; settings = {ATTRIBUTES = (Public, ); }; };
		65DF9817130ECEE9002D0C3A /* ASIHTTPRequest.m in Sources */ = {isa = PBXBuildFile; fileRef = 65DF97EF130ECEE9002D0C3A /* ASIHTTPRequest.m */; };
		65DF9818130ECEE9002D0C3A /* ASIHTTPRequestConfig.h in Headers */ = {isa = PBXBuildFile; fileRef = 65DF97F0130ECEE9002D0C3A /* ASIHTTPRequestConfig.h */; settings = {ATTRIBUTES = (Public, ); }; };
		65DF9819130ECEE9002D0C3A /* ASIHTTPRequestDelegate.h in Headers */ = {isa = PBXBuildFile; fileRef = 65DF97F1130ECEE9002D0C3A /* ASIHTTPRequestDelegate.h */; settings = {ATTRIBUTES = (Public, ); }; };
		65DF981A130ECEE9002D0C3A /* ASIInputStream.h in Headers */ = {isa = PBXBuildFile; fileRef = 65DF97F2130ECEE9002D0C3A /* ASIInputStream.h */; settings = {ATTRIBUTES = (Public, ); }; };
		65DF981B130ECEE9002D0C3A /* ASIInputStream.m in Sources */ = {isa = PBXBuildFile; fileRef = 65DF97F3130ECEE9002D0C3A /* ASIInputStream.m */; };
		65DF981C130ECEE9002D0C3A /* ASINetworkQueue.h in Headers */ = {isa = PBXBuildFile; fileRef = 65DF97F4130ECEE9002D0C3A /* ASINetworkQueue.h */; settings = {ATTRIBUTES = (Public, ); }; };
		65DF981D130ECEE9002D0C3A /* ASINetworkQueue.m in Sources */ = {isa = PBXBuildFile; fileRef = 65DF97F5130ECEE9002D0C3A /* ASINetworkQueue.m */; };
		65DF981E130ECEE9002D0C3A /* ASIProgressDelegate.h in Headers */ = {isa = PBXBuildFile; fileRef = 65DF97F6130ECEE9002D0C3A /* ASIProgressDelegate.h */; settings = {ATTRIBUTES = (Public, ); }; };
		65DF9826130ED15A002D0C3A /* ASIHTTPRequest_prefix.h in Headers */ = {isa = PBXBuildFile; fileRef = 65DF9825130ED15A002D0C3A /* ASIHTTPRequest_prefix.h */; };
		65DF9827130ED15A002D0C3A /* ASIHTTPRequest_prefix.h in Headers */ = {isa = PBXBuildFile; fileRef = 65DF9825130ED15A002D0C3A /* ASIHTTPRequest_prefix.h */; };
		65DF9833130ED48B002D0C3A /* CoreServices.framework in Frameworks */ = {isa = PBXBuildFile; fileRef = 65DF9832130ED48B002D0C3A /* CoreServices.framework */; };
		65DF9835130ED48B002D0C3A /* Foundation.framework in Frameworks */ = {isa = PBXBuildFile; fileRef = 65DF9834130ED48B002D0C3A /* Foundation.framework */; };
		65DF9837130ED48B002D0C3A /* SystemConfiguration.framework in Frameworks */ = {isa = PBXBuildFile; fileRef = 65DF9836130ED48B002D0C3A /* SystemConfiguration.framework */; };
		65DF983F130ED4B9002D0C3A /* libz.dylib in Frameworks */ = {isa = PBXBuildFile; fileRef = 65DF983E130ED4B9002D0C3A /* libz.dylib */; };
		65DF9843130ED4DA002D0C3A /* CFNetwork.framework in Frameworks */ = {isa = PBXBuildFile; fileRef = 65DF9842130ED4DA002D0C3A /* CFNetwork.framework */; };
		65DF9845130ED4DA002D0C3A /* Foundation.framework in Frameworks */ = {isa = PBXBuildFile; fileRef = 65DF9844130ED4DA002D0C3A /* Foundation.framework */; };
		65DF9847130ED4DA002D0C3A /* MobileCoreServices.framework in Frameworks */ = {isa = PBXBuildFile; fileRef = 65DF9846130ED4DA002D0C3A /* MobileCoreServices.framework */; };
		65DF9849130ED4DA002D0C3A /* SystemConfiguration.framework in Frameworks */ = {isa = PBXBuildFile; fileRef = 65DF9848130ED4DA002D0C3A /* SystemConfiguration.framework */; };
		65DF984B130ED4DA002D0C3A /* UIKit.framework in Frameworks */ = {isa = PBXBuildFile; fileRef = 65DF984A130ED4DA002D0C3A /* UIKit.framework */; };
		65DF9850130ED4FF002D0C3A /* Reachability.h in Headers */ = {isa = PBXBuildFile; fileRef = 65DF984E130ED4FF002D0C3A /* Reachability.h */; settings = {ATTRIBUTES = (Public, ); }; };
		65DF9851130ED4FF002D0C3A /* Reachability.m in Sources */ = {isa = PBXBuildFile; fileRef = 65DF984F130ED4FF002D0C3A /* Reachability.m */; };
		65DF9876130ED863002D0C3A /* ASIHTTPRequestFramework.h in Headers */ = {isa = PBXBuildFile; fileRef = 65DF9875130ED863002D0C3A /* ASIHTTPRequestFramework.h */; };
		65DF9877130ED863002D0C3A /* ASIHTTPRequestFramework.h in Headers */ = {isa = PBXBuildFile; fileRef = 65DF9875130ED863002D0C3A /* ASIHTTPRequestFramework.h */; settings = {ATTRIBUTES = (Public, ); }; };
/* End PBXBuildFile section */

/* Begin PBXFileReference section */
		65DF97D3130ECEAE002D0C3A /* ASIHTTPRequest */ = {isa = PBXFileReference; includeInIndex = 0; lastKnownFileType = wrapper.framework; path = ASIHTTPRequest; sourceTree = BUILT_PRODUCTS_DIR; };
		65DF97D5130ECEAE002D0C3A /* ASIHTTPRequest-Info.plist */ = {isa = PBXFileReference; lastKnownFileType = text.plist.xml; path = "ASIHTTPRequest-Info.plist"; sourceTree = "<group>"; };
		65DF97DF130ECEC9002D0C3A /* libASIHTTPRequest.a */ = {isa = PBXFileReference; explicitFileType = archive.ar; includeInIndex = 0; path = libASIHTTPRequest.a; sourceTree = BUILT_PRODUCTS_DIR; };
		65DF97E3130ECEE9002D0C3A /* ASIAuthenticationDialog.h */ = {isa = PBXFileReference; fileEncoding = 4; lastKnownFileType = sourcecode.c.h; name = ASIAuthenticationDialog.h; path = "../vendor/asi-http-request/Classes/ASIAuthenticationDialog.h"; sourceTree = SOURCE_ROOT; };
		65DF97E4130ECEE9002D0C3A /* ASIAuthenticationDialog.m */ = {isa = PBXFileReference; fileEncoding = 4; lastKnownFileType = sourcecode.c.objc; name = ASIAuthenticationDialog.m; path = "../vendor/asi-http-request/Classes/ASIAuthenticationDialog.m"; sourceTree = SOURCE_ROOT; };
		65DF97E5130ECEE9002D0C3A /* ASICacheDelegate.h */ = {isa = PBXFileReference; fileEncoding = 4; lastKnownFileType = sourcecode.c.h; name = ASICacheDelegate.h; path = "../vendor/asi-http-request/Classes/ASICacheDelegate.h"; sourceTree = SOURCE_ROOT; };
		65DF97E6130ECEE9002D0C3A /* ASIDataCompressor.h */ = {isa = PBXFileReference; fileEncoding = 4; lastKnownFileType = sourcecode.c.h; name = ASIDataCompressor.h; path = "../vendor/asi-http-request/Classes/ASIDataCompressor.h"; sourceTree = SOURCE_ROOT; };
		65DF97E7130ECEE9002D0C3A /* ASIDataCompressor.m */ = {isa = PBXFileReference; fileEncoding = 4; lastKnownFileType = sourcecode.c.objc; name = ASIDataCompressor.m; path = "../vendor/asi-http-request/Classes/ASIDataCompressor.m"; sourceTree = SOURCE_ROOT; };
		65DF97E8130ECEE9002D0C3A /* ASIDataDecompressor.h */ = {isa = PBXFileReference; fileEncoding = 4; lastKnownFileType = sourcecode.c.h; name = ASIDataDecompressor.h; path = "../vendor/asi-http-request/Classes/ASIDataDecompressor.h"; sourceTree = SOURCE_ROOT; };
		65DF97E9130ECEE9002D0C3A /* ASIDataDecompressor.m */ = {isa = PBXFileReference; fileEncoding = 4; lastKnownFileType = sourcecode.c.objc; name = ASIDataDecompressor.m; path = "../vendor/asi-http-request/Classes/ASIDataDecompressor.m"; sourceTree = SOURCE_ROOT; };
		65DF97EA130ECEE9002D0C3A /* ASIDownloadCache.h */ = {isa = PBXFileReference; fileEncoding = 4; lastKnownFileType = sourcecode.c.h; name = ASIDownloadCache.h; path = "../vendor/asi-http-request/Classes/ASIDownloadCache.h"; sourceTree = SOURCE_ROOT; };
		65DF97EB130ECEE9002D0C3A /* ASIDownloadCache.m */ = {isa = PBXFileReference; fileEncoding = 4; lastKnownFileType = sourcecode.c.objc; name = ASIDownloadCache.m; path = "../vendor/asi-http-request/Classes/ASIDownloadCache.m"; sourceTree = SOURCE_ROOT; };
		65DF97EC130ECEE9002D0C3A /* ASIFormDataRequest.h */ = {isa = PBXFileReference; fileEncoding = 4; lastKnownFileType = sourcecode.c.h; name = ASIFormDataRequest.h; path = "../vendor/asi-http-request/Classes/ASIFormDataRequest.h"; sourceTree = SOURCE_ROOT; };
		65DF97ED130ECEE9002D0C3A /* ASIFormDataRequest.m */ = {isa = PBXFileReference; fileEncoding = 4; lastKnownFileType = sourcecode.c.objc; name = ASIFormDataRequest.m; path = "../vendor/asi-http-request/Classes/ASIFormDataRequest.m"; sourceTree = SOURCE_ROOT; };
		65DF97EE130ECEE9002D0C3A /* ASIHTTPRequest.h */ = {isa = PBXFileReference; fileEncoding = 4; lastKnownFileType = sourcecode.c.h; name = ASIHTTPRequest.h; path = "../vendor/asi-http-request/Classes/ASIHTTPRequest.h"; sourceTree = SOURCE_ROOT; };
		65DF97EF130ECEE9002D0C3A /* ASIHTTPRequest.m */ = {isa = PBXFileReference; fileEncoding = 4; lastKnownFileType = sourcecode.c.objc; name = ASIHTTPRequest.m; path = "../vendor/asi-http-request/Classes/ASIHTTPRequest.m"; sourceTree = SOURCE_ROOT; };
		65DF97F0130ECEE9002D0C3A /* ASIHTTPRequestConfig.h */ = {isa = PBXFileReference; fileEncoding = 4; lastKnownFileType = sourcecode.c.h; name = ASIHTTPRequestConfig.h; path = "../vendor/asi-http-request/Classes/ASIHTTPRequestConfig.h"; sourceTree = SOURCE_ROOT; };
		65DF97F1130ECEE9002D0C3A /* ASIHTTPRequestDelegate.h */ = {isa = PBXFileReference; fileEncoding = 4; lastKnownFileType = sourcecode.c.h; name = ASIHTTPRequestDelegate.h; path = "../vendor/asi-http-request/Classes/ASIHTTPRequestDelegate.h"; sourceTree = SOURCE_ROOT; };
		65DF97F2130ECEE9002D0C3A /* ASIInputStream.h */ = {isa = PBXFileReference; fileEncoding = 4; lastKnownFileType = sourcecode.c.h; name = ASIInputStream.h; path = "../vendor/asi-http-request/Classes/ASIInputStream.h"; sourceTree = SOURCE_ROOT; };
		65DF97F3130ECEE9002D0C3A /* ASIInputStream.m */ = {isa = PBXFileReference; fileEncoding = 4; lastKnownFileType = sourcecode.c.objc; name = ASIInputStream.m; path = "../vendor/asi-http-request/Classes/ASIInputStream.m"; sourceTree = SOURCE_ROOT; };
		65DF97F4130ECEE9002D0C3A /* ASINetworkQueue.h */ = {isa = PBXFileReference; fileEncoding = 4; lastKnownFileType = sourcecode.c.h; name = ASINetworkQueue.h; path = "../vendor/asi-http-request/Classes/ASINetworkQueue.h"; sourceTree = SOURCE_ROOT; };
		65DF97F5130ECEE9002D0C3A /* ASINetworkQueue.m */ = {isa = PBXFileReference; fileEncoding = 4; lastKnownFileType = sourcecode.c.objc; name = ASINetworkQueue.m; path = "../vendor/asi-http-request/Classes/ASINetworkQueue.m"; sourceTree = SOURCE_ROOT; };
		65DF97F6130ECEE9002D0C3A /* ASIProgressDelegate.h */ = {isa = PBXFileReference; fileEncoding = 4; lastKnownFileType = sourcecode.c.h; name = ASIProgressDelegate.h; path = "../vendor/asi-http-request/Classes/ASIProgressDelegate.h"; sourceTree = SOURCE_ROOT; };
		65DF9825130ED15A002D0C3A /* ASIHTTPRequest_prefix.h */ = {isa = PBXFileReference; fileEncoding = 4; lastKnownFileType = sourcecode.c.h; path = ASIHTTPRequest_prefix.h; sourceTree = "<group>"; };
		65DF9832130ED48B002D0C3A /* CoreServices.framework */ = {isa = PBXFileReference; lastKnownFileType = wrapper.framework; name = CoreServices.framework; path = System/Library/Frameworks/CoreServices.framework; sourceTree = SDKROOT; };
		65DF9834130ED48B002D0C3A /* Foundation.framework */ = {isa = PBXFileReference; lastKnownFileType = wrapper.framework; name = Foundation.framework; path = System/Library/Frameworks/Foundation.framework; sourceTree = SDKROOT; };
		65DF9836130ED48B002D0C3A /* SystemConfiguration.framework */ = {isa = PBXFileReference; lastKnownFileType = wrapper.framework; name = SystemConfiguration.framework; path = System/Library/Frameworks/SystemConfiguration.framework; sourceTree = SDKROOT; };
		65DF983E130ED4B9002D0C3A /* libz.dylib */ = {isa = PBXFileReference; lastKnownFileType = "compiled.mach-o.dylib"; name = libz.dylib; path = usr/lib/libz.dylib; sourceTree = SDKROOT; };
		65DF9842130ED4DA002D0C3A /* CFNetwork.framework */ = {isa = PBXFileReference; lastKnownFileType = wrapper.framework; name = CFNetwork.framework; path = System/Library/Frameworks/CFNetwork.framework; sourceTree = SDKROOT; };
		65DF9844130ED4DA002D0C3A /* Foundation.framework */ = {isa = PBXFileReference; lastKnownFileType = wrapper.framework; name = Foundation.framework; path = System/Library/Frameworks/Foundation.framework; sourceTree = SDKROOT; };
		65DF9846130ED4DA002D0C3A /* MobileCoreServices.framework */ = {isa = PBXFileReference; lastKnownFileType = wrapper.framework; name = MobileCoreServices.framework; path = System/Library/Frameworks/MobileCoreServices.framework; sourceTree = SDKROOT; };
		65DF9848130ED4DA002D0C3A /* SystemConfiguration.framework */ = {isa = PBXFileReference; lastKnownFileType = wrapper.framework; name = SystemConfiguration.framework; path = System/Library/Frameworks/SystemConfiguration.framework; sourceTree = SDKROOT; };
		65DF984A130ED4DA002D0C3A /* UIKit.framework */ = {isa = PBXFileReference; lastKnownFileType = wrapper.framework; name = UIKit.framework; path = System/Library/Frameworks/UIKit.framework; sourceTree = SDKROOT; };
		65DF984E130ED4FF002D0C3A /* Reachability.h */ = {isa = PBXFileReference; fileEncoding = 4; lastKnownFileType = sourcecode.c.h; name = Reachability.h; path = "../vendor/asi-http-request/External/Reachability/Reachability.h"; sourceTree = SOURCE_ROOT; };
		65DF984F130ED4FF002D0C3A /* Reachability.m */ = {isa = PBXFileReference; fileEncoding = 4; lastKnownFileType = sourcecode.c.objc; name = Reachability.m; path = "../vendor/asi-http-request/External/Reachability/Reachability.m"; sourceTree = SOURCE_ROOT; };
		65DF9875130ED863002D0C3A /* ASIHTTPRequestFramework.h */ = {isa = PBXFileReference; fileEncoding = 4; lastKnownFileType = sourcecode.c.h; path = ASIHTTPRequestFramework.h; sourceTree = "<group>"; };
/* End PBXFileReference section */

/* Begin PBXFrameworksBuildPhase section */
		65DF97D1130ECEAE002D0C3A /* Frameworks */ = {
			isa = PBXFrameworksBuildPhase;
			buildActionMask = 2147483647;
			files = (
				65DF9833130ED48B002D0C3A /* CoreServices.framework in Frameworks */,
				65DF9835130ED48B002D0C3A /* Foundation.framework in Frameworks */,
				65DF9837130ED48B002D0C3A /* SystemConfiguration.framework in Frameworks */,
				65DF983F130ED4B9002D0C3A /* libz.dylib in Frameworks */,
			);
			runOnlyForDeploymentPostprocessing = 0;
		};
		65DF97DD130ECEC9002D0C3A /* Frameworks */ = {
			isa = PBXFrameworksBuildPhase;
			buildActionMask = 2147483647;
			files = (
				65DF9843130ED4DA002D0C3A /* CFNetwork.framework in Frameworks */,
				65DF9845130ED4DA002D0C3A /* Foundation.framework in Frameworks */,
				65DF9847130ED4DA002D0C3A /* MobileCoreServices.framework in Frameworks */,
				65DF9849130ED4DA002D0C3A /* SystemConfiguration.framework in Frameworks */,
				65DF984B130ED4DA002D0C3A /* UIKit.framework in Frameworks */,
			);
			runOnlyForDeploymentPostprocessing = 0;
		};
/* End PBXFrameworksBuildPhase section */

/* Begin PBXGroup section */
		65DF97BD130ECE5F002D0C3A = {
			isa = PBXGroup;
			children = (
				65DF981F130ECEF4002D0C3A /* Classes */,
				65DF9820130ECF0D002D0C3A /* Other Sources */,
				65DF97D4130ECEAE002D0C3A /* Products */,
				65DF9832130ED48B002D0C3A /* CoreServices.framework */,
				65DF9834130ED48B002D0C3A /* Foundation.framework */,
				65DF9836130ED48B002D0C3A /* SystemConfiguration.framework */,
				65DF983E130ED4B9002D0C3A /* libz.dylib */,
				65DF9842130ED4DA002D0C3A /* CFNetwork.framework */,
				65DF9844130ED4DA002D0C3A /* Foundation.framework */,
				65DF9846130ED4DA002D0C3A /* MobileCoreServices.framework */,
				65DF9848130ED4DA002D0C3A /* SystemConfiguration.framework */,
				65DF984A130ED4DA002D0C3A /* UIKit.framework */,
			);
			sourceTree = "<group>";
		};
		65DF97D4130ECEAE002D0C3A /* Products */ = {
			isa = PBXGroup;
			children = (
				65DF97D3130ECEAE002D0C3A /* ASIHTTPRequest */,
				65DF97DF130ECEC9002D0C3A /* libASIHTTPRequest.a */,
			);
			name = Products;
			sourceTree = "<group>";
		};
		65DF981F130ECEF4002D0C3A /* Classes */ = {
			isa = PBXGroup;
			children = (
				65DF984E130ED4FF002D0C3A /* Reachability.h */,
				65DF984F130ED4FF002D0C3A /* Reachability.m */,
				65DF97E3130ECEE9002D0C3A /* ASIAuthenticationDialog.h */,
				65DF97E4130ECEE9002D0C3A /* ASIAuthenticationDialog.m */,
				65DF97E5130ECEE9002D0C3A /* ASICacheDelegate.h */,
				65DF97E6130ECEE9002D0C3A /* ASIDataCompressor.h */,
				65DF97E7130ECEE9002D0C3A /* ASIDataCompressor.m */,
				65DF97E8130ECEE9002D0C3A /* ASIDataDecompressor.h */,
				65DF97E9130ECEE9002D0C3A /* ASIDataDecompressor.m */,
				65DF97EA130ECEE9002D0C3A /* ASIDownloadCache.h */,
				65DF97EB130ECEE9002D0C3A /* ASIDownloadCache.m */,
				65DF97EC130ECEE9002D0C3A /* ASIFormDataRequest.h */,
				65DF97ED130ECEE9002D0C3A /* ASIFormDataRequest.m */,
				65DF97EE130ECEE9002D0C3A /* ASIHTTPRequest.h */,
				65DF97EF130ECEE9002D0C3A /* ASIHTTPRequest.m */,
				65DF97F0130ECEE9002D0C3A /* ASIHTTPRequestConfig.h */,
				65DF97F1130ECEE9002D0C3A /* ASIHTTPRequestDelegate.h */,
				65DF97F2130ECEE9002D0C3A /* ASIInputStream.h */,
				65DF97F3130ECEE9002D0C3A /* ASIInputStream.m */,
				65DF97F4130ECEE9002D0C3A /* ASINetworkQueue.h */,
				65DF97F5130ECEE9002D0C3A /* ASINetworkQueue.m */,
				65DF97F6130ECEE9002D0C3A /* ASIProgressDelegate.h */,
			);
			name = Classes;
			sourceTree = "<group>";
		};
		65DF9820130ECF0D002D0C3A /* Other Sources */ = {
			isa = PBXGroup;
			children = (
				65DF97D5130ECEAE002D0C3A /* ASIHTTPRequest-Info.plist */,
				65DF9825130ED15A002D0C3A /* ASIHTTPRequest_prefix.h */,
				65DF9875130ED863002D0C3A /* ASIHTTPRequestFramework.h */,
			);
			name = "Other Sources";
			sourceTree = "<group>";
		};
/* End PBXGroup section */

/* Begin PBXHeadersBuildPhase section */
		65DF97CE130ECEAE002D0C3A /* Headers */ = {
			isa = PBXHeadersBuildPhase;
			buildActionMask = 2147483647;
			files = (
				65DF97F9130ECEE9002D0C3A /* ASICacheDelegate.h in Headers */,
				65DF97FA130ECEE9002D0C3A /* ASIDataCompressor.h in Headers */,
				65DF97FC130ECEE9002D0C3A /* ASIDataDecompressor.h in Headers */,
				65DF97FE130ECEE9002D0C3A /* ASIDownloadCache.h in Headers */,
				65DF9800130ECEE9002D0C3A /* ASIFormDataRequest.h in Headers */,
				65DF9802130ECEE9002D0C3A /* ASIHTTPRequest.h in Headers */,
				65DF9804130ECEE9002D0C3A /* ASIHTTPRequestConfig.h in Headers */,
				65DF9805130ECEE9002D0C3A /* ASIHTTPRequestDelegate.h in Headers */,
				65DF9806130ECEE9002D0C3A /* ASIInputStream.h in Headers */,
				65DF9808130ECEE9002D0C3A /* ASINetworkQueue.h in Headers */,
				65DF980A130ECEE9002D0C3A /* ASIProgressDelegate.h in Headers */,
				65DF9827130ED15A002D0C3A /* ASIHTTPRequest_prefix.h in Headers */,
				65DF9877130ED863002D0C3A /* ASIHTTPRequestFramework.h in Headers */,
			);
			runOnlyForDeploymentPostprocessing = 0;
		};
		65DF97DB130ECEC9002D0C3A /* Headers */ = {
			isa = PBXHeadersBuildPhase;
			buildActionMask = 2147483647;
			files = (
				65DF980B130ECEE9002D0C3A /* ASIAuthenticationDialog.h in Headers */,
				65DF980D130ECEE9002D0C3A /* ASICacheDelegate.h in Headers */,
				65DF980E130ECEE9002D0C3A /* ASIDataCompressor.h in Headers */,
				65DF9810130ECEE9002D0C3A /* ASIDataDecompressor.h in Headers */,
				65DF9812130ECEE9002D0C3A /* ASIDownloadCache.h in Headers */,
				65DF9814130ECEE9002D0C3A /* ASIFormDataRequest.h in Headers */,
				65DF9816130ECEE9002D0C3A /* ASIHTTPRequest.h in Headers */,
				65DF9818130ECEE9002D0C3A /* ASIHTTPRequestConfig.h in Headers */,
				65DF9819130ECEE9002D0C3A /* ASIHTTPRequestDelegate.h in Headers */,
				65DF981A130ECEE9002D0C3A /* ASIInputStream.h in Headers */,
				65DF981C130ECEE9002D0C3A /* ASINetworkQueue.h in Headers */,
				65DF981E130ECEE9002D0C3A /* ASIProgressDelegate.h in Headers */,
				65DF9826130ED15A002D0C3A /* ASIHTTPRequest_prefix.h in Headers */,
				65DF9850130ED4FF002D0C3A /* Reachability.h in Headers */,
				65DF9876130ED863002D0C3A /* ASIHTTPRequestFramework.h in Headers */,
			);
			runOnlyForDeploymentPostprocessing = 0;
		};
/* End PBXHeadersBuildPhase section */

/* Begin PBXNativeTarget section */
		65DF97D2130ECEAE002D0C3A /* ASIHTTPRequest */ = {
			isa = PBXNativeTarget;
			buildConfigurationList = 65DF97D8130ECEAF002D0C3A /* Build configuration list for PBXNativeTarget "ASIHTTPRequest" */;
			buildPhases = (
				65DF97CE130ECEAE002D0C3A /* Headers */,
				65DF97CF130ECEAE002D0C3A /* Resources */,
				65DF97D0130ECEAE002D0C3A /* Sources */,
				65DF97D1130ECEAE002D0C3A /* Frameworks */,
			);
			buildRules = (
			);
			dependencies = (
			);
			name = ASIHTTPRequest;
			productName = ASIHTTPRequest;
			productReference = 65DF97D3130ECEAE002D0C3A /* ASIHTTPRequest */;
			productType = "com.apple.product-type.framework";
		};
		65DF97DE130ECEC9002D0C3A /* libASIHTTPRequest */ = {
			isa = PBXNativeTarget;
			buildConfigurationList = 65DF97E2130ECEE8002D0C3A /* Build configuration list for PBXNativeTarget "libASIHTTPRequest" */;
			buildPhases = (
				65DF97DB130ECEC9002D0C3A /* Headers */,
				65DF97DC130ECEC9002D0C3A /* Sources */,
				65DF97DD130ECEC9002D0C3A /* Frameworks */,
			);
			buildRules = (
			);
			dependencies = (
			);
			name = libASIHTTPRequest;
			productName = libASIHTTPRequest;
			productReference = 65DF97DF130ECEC9002D0C3A /* libASIHTTPRequest.a */;
			productType = "com.apple.product-type.library.static";
		};
/* End PBXNativeTarget section */

/* Begin PBXProject section */
		65DF97BF130ECE5F002D0C3A /* Project object */ = {
			isa = PBXProject;
			buildConfigurationList = 65DF97C2130ECE5F002D0C3A /* Build configuration list for PBXProject "ASIHTTPRequest" */;
			compatibilityVersion = "Xcode 2.4";
			developmentRegion = English;
			hasScannedForEncodings = 0;
			knownRegions = (
				English,
				Japanese,
				French,
				German,
			);
			mainGroup = 65DF97BD130ECE5F002D0C3A;
			productRefGroup = 65DF97D4130ECEAE002D0C3A /* Products */;
			projectDirPath = "";
			projectRoot = "";
			targets = (
				65DF97D2130ECEAE002D0C3A /* ASIHTTPRequest */,
				65DF97DE130ECEC9002D0C3A /* libASIHTTPRequest */,
			);
		};
/* End PBXProject section */

/* Begin PBXResourcesBuildPhase section */
		65DF97CF130ECEAE002D0C3A /* Resources */ = {
			isa = PBXResourcesBuildPhase;
			buildActionMask = 2147483647;
			files = (
			);
			runOnlyForDeploymentPostprocessing = 0;
		};
/* End PBXResourcesBuildPhase section */

/* Begin PBXSourcesBuildPhase section */
		65DF97D0130ECEAE002D0C3A /* Sources */ = {
			isa = PBXSourcesBuildPhase;
			buildActionMask = 2147483647;
			files = (
				65DF97FB130ECEE9002D0C3A /* ASIDataCompressor.m in Sources */,
				65DF97FD130ECEE9002D0C3A /* ASIDataDecompressor.m in Sources */,
				65DF97FF130ECEE9002D0C3A /* ASIDownloadCache.m in Sources */,
				65DF9801130ECEE9002D0C3A /* ASIFormDataRequest.m in Sources */,
				65DF9803130ECEE9002D0C3A /* ASIHTTPRequest.m in Sources */,
				65DF9807130ECEE9002D0C3A /* ASIInputStream.m in Sources */,
				65DF9809130ECEE9002D0C3A /* ASINetworkQueue.m in Sources */,
			);
			runOnlyForDeploymentPostprocessing = 0;
		};
		65DF97DC130ECEC9002D0C3A /* Sources */ = {
			isa = PBXSourcesBuildPhase;
			buildActionMask = 2147483647;
			files = (
				65DF980C130ECEE9002D0C3A /* ASIAuthenticationDialog.m in Sources */,
				65DF980F130ECEE9002D0C3A /* ASIDataCompressor.m in Sources */,
				65DF9811130ECEE9002D0C3A /* ASIDataDecompressor.m in Sources */,
				65DF9813130ECEE9002D0C3A /* ASIDownloadCache.m in Sources */,
				65DF9815130ECEE9002D0C3A /* ASIFormDataRequest.m in Sources */,
				65DF9817130ECEE9002D0C3A /* ASIHTTPRequest.m in Sources */,
				65DF981B130ECEE9002D0C3A /* ASIInputStream.m in Sources */,
				65DF981D130ECEE9002D0C3A /* ASINetworkQueue.m in Sources */,
				65DF9851130ED4FF002D0C3A /* Reachability.m in Sources */,
			);
			runOnlyForDeploymentPostprocessing = 0;
		};
/* End PBXSourcesBuildPhase section */

/* Begin XCBuildConfiguration section */
		65DF97C0130ECE5F002D0C3A /* Debug */ = {
			isa = XCBuildConfiguration;
			buildSettings = {
				COPY_PHASE_STRIP = NO;
				GCC_VERSION = com.apple.compilers.llvm.clang.1_0;
			};
			name = Debug;
		};
		65DF97C1130ECE5F002D0C3A /* Release */ = {
			isa = XCBuildConfiguration;
			buildSettings = {
				COPY_PHASE_STRIP = YES;
				GCC_VERSION = com.apple.compilers.llvm.clang.1_0;
			};
			name = Release;
		};
		65DF97D6130ECEAE002D0C3A /* Debug */ = {
			isa = XCBuildConfiguration;
			buildSettings = {
				ALWAYS_SEARCH_USER_PATHS = NO;
				ARCHS = "$(ARCHS_STANDARD_32_64_BIT_PRE_XCODE_3_1)";
				ARCHS_STANDARD_32_64_BIT_PRE_XCODE_3_1 = "x86_64 i386 ppc";
				COPY_PHASE_STRIP = NO;
				DYLIB_COMPATIBILITY_VERSION = 1;
				DYLIB_CURRENT_VERSION = 1;
				FRAMEWORK_VERSION = A;
				GCC_DYNAMIC_NO_PIC = NO;
				GCC_ENABLE_FIX_AND_CONTINUE = YES;
				GCC_MODEL_TUNING = G5;
				GCC_OPTIMIZATION_LEVEL = 0;
				GCC_PRECOMPILE_PREFIX_HEADER = YES;
				GCC_PREFIX_HEADER = ASIHTTPRequest_prefix.h;
				INFOPLIST_FILE = "ASIHTTPRequest-Info.plist";
				INSTALL_PATH = "@rpath";
				LD_RUNPATH_SEARCH_PATHS = "@executable_path/../Frameworks @loader_path/../Frameworks";
				OTHER_LDFLAGS = (
					"-framework",
					Foundation,
					"-framework",
					AppKit,
				);
				PREBINDING = NO;
				PRODUCT_NAME = ASIHTTPRequest;
				SDKROOT = "$(DEVELOPER_SDK_DIR)/MacOSX10.6.sdk";
			};
			name = Debug;
		};
		65DF97D7130ECEAE002D0C3A /* Release */ = {
			isa = XCBuildConfiguration;
			buildSettings = {
				ALWAYS_SEARCH_USER_PATHS = NO;
				ARCHS = "$(ARCHS_STANDARD_32_64_BIT_PRE_XCODE_3_1)";
				ARCHS_STANDARD_32_64_BIT_PRE_XCODE_3_1 = "x86_64 i386 ppc";
				COPY_PHASE_STRIP = YES;
				DEBUG_INFORMATION_FORMAT = "dwarf-with-dsym";
				DYLIB_COMPATIBILITY_VERSION = 1;
				DYLIB_CURRENT_VERSION = 1;
				FRAMEWORK_VERSION = A;
				GCC_ENABLE_FIX_AND_CONTINUE = NO;
				GCC_MODEL_TUNING = G5;
				GCC_PRECOMPILE_PREFIX_HEADER = YES;
				GCC_PREFIX_HEADER = ASIHTTPRequest_prefix.h;
				INFOPLIST_FILE = "ASIHTTPRequest-Info.plist";
				INSTALL_PATH = "@rpath";
				LD_RUNPATH_SEARCH_PATHS = "@executable_path/../Frameworks @loader_path/../Frameworks";
				OTHER_LDFLAGS = (
					"-framework",
					Foundation,
					"-framework",
					AppKit,
				);
				PREBINDING = NO;
				PRODUCT_NAME = ASIHTTPRequest;
				SDKROOT = "$(DEVELOPER_SDK_DIR)/MacOSX10.6.sdk";
				ZERO_LINK = NO;
			};
			name = Release;
		};
		65DF97E0130ECECA002D0C3A /* Debug */ = {
			isa = XCBuildConfiguration;
			buildSettings = {
				ALWAYS_SEARCH_USER_PATHS = NO;
				ARCHS = "$(ARCHS_STANDARD_32_BIT_PRE_XCODE_3_1)";
				ARCHS_STANDARD_32_BIT_PRE_XCODE_3_1 = "ppc i386";
				COPY_PHASE_STRIP = NO;
				GCC_DYNAMIC_NO_PIC = NO;
				GCC_OPTIMIZATION_LEVEL = 0;
				PREBINDING = NO;
				PRODUCT_NAME = ASIHTTPRequest;
				SDKROOT = iphoneos;
			};
			name = Debug;
		};
		65DF97E1130ECECA002D0C3A /* Release */ = {
			isa = XCBuildConfiguration;
			buildSettings = {
				ALWAYS_SEARCH_USER_PATHS = NO;
				ARCHS = "$(ARCHS_STANDARD_32_BIT_PRE_XCODE_3_1)";
				ARCHS_STANDARD_32_BIT_PRE_XCODE_3_1 = "ppc i386";
				COPY_PHASE_STRIP = YES;
				DEBUG_INFORMATION_FORMAT = "dwarf-with-dsym";
				GCC_ENABLE_FIX_AND_CONTINUE = NO;
				PREBINDING = NO;
				PRODUCT_NAME = ASIHTTPRequest;
				SDKROOT = iphoneos;
				ZERO_LINK = NO;
			};
			name = Release;
		};
/* End XCBuildConfiguration section */

/* Begin XCConfigurationList section */
		65DF97C2130ECE5F002D0C3A /* Build configuration list for PBXProject "ASIHTTPRequest" */ = {
			isa = XCConfigurationList;
			buildConfigurations = (
				65DF97C0130ECE5F002D0C3A /* Debug */,
				65DF97C1130ECE5F002D0C3A /* Release */,
			);
			defaultConfigurationIsVisible = 0;
			defaultConfigurationName = Release;
		};
		65DF97D8130ECEAF002D0C3A /* Build configuration list for PBXNativeTarget "ASIHTTPRequest" */ = {
			isa = XCConfigurationList;
			buildConfigurations = (
				65DF97D6130ECEAE002D0C3A /* Debug */,
				65DF97D7130ECEAE002D0C3A /* Release */,
			);
			defaultConfigurationIsVisible = 0;
			defaultConfigurationName = Release;
		};
		65DF97E2130ECEE8002D0C3A /* Build configuration list for PBXNativeTarget "libASIHTTPRequest" */ = {
			isa = XCConfigurationList;
			buildConfigurations = (
				65DF97E0130ECECA002D0C3A /* Debug */,
				65DF97E1130ECECA002D0C3A /* Release */,
			);
			defaultConfigurationIsVisible = 0;
			defaultConfigurationName = Release;
		};
/* End XCConfigurationList section */
	};
	rootObject = 65DF97BF130ECE5F002D0C3A /* Project object */;
}
